%{
  "artificery": {:hex, :artificery, "0.4.1", "90b1fcedb9034853b36dbea2174f9fc1172bd50b0686a723178103def5c9c1c8", [:mix], [], "hexpm"},
  "cowboy": {:hex, :cowboy, "1.0.4", "a324a8df9f2316c833a470d918aaf73ae894278b8aa6226ce7a9bf699388f878", [:make, :rebar], [{:cowlib, "~> 1.0.0", [hex: :cowlib, repo: "hexpm", optional: false]}, {:ranch, "~> 1.0", [hex: :ranch, repo: "hexpm", optional: false]}], "hexpm"},
  "cowlib": {:hex, :cowlib, "1.0.2", "9d769a1d062c9c3ac753096f868ca121e2730b9a377de23dec0f7e08b1df84ee", [:make], [], "hexpm"},
  "distillery": {:hex, :distillery, "2.0.12", "6e78fe042df82610ac3fa50bd7d2d8190ad287d120d3cd1682d83a44e8b34dfb", [:mix], [{:artificery, "~> 0.2", [hex: :artificery, repo: "hexpm", optional: false]}], "hexpm"},
  "elixir_make": {:hex, :elixir_make, "0.5.2", "96a28c79f5b8d34879cd95ebc04d2a0d678cfbbd3e74c43cb63a76adf0ee8054", [:mix], [], "hexpm"},
  "mime": {:hex, :mime, "1.3.1", "30ce04ab3175b6ad0bdce0035cba77bba68b813d523d1aac73d9781b4d193cf8", [:mix], [], "hexpm"},
  "nerves": {:hex, :nerves, "1.4.2", "50115139a8451b10672f499e0c9e2ac0d50a8ef16af4176935ddd18820ddcf4c", [:mix], [{:distillery, "2.0.12", [hex: :distillery, repo: "hexpm", optional: false]}, {:jason, "~> 1.0", [hex: :jason, repo: "hexpm", optional: true]}], "hexpm"},
  "nerves_runtime": {:hex, :nerves_runtime, "0.9.4", "c2f5e0f9bce552e9593f59c76ccecc8f40580d97d327fe1bae383a65153105de", [:make, :mix], [{:elixir_make, "~> 0.5", [hex: :elixir_make, repo: "hexpm", optional: false]}, {:system_registry, "~> 0.5", [hex: :system_registry, repo: "hexpm", optional: false]}, {:uboot_env, "~> 0.1", [hex: :uboot_env, repo: "hexpm", optional: false]}], "hexpm"},
  "nerves_system_bbb": {:hex, :nerves_system_bbb, "2.2.1", "3781e2f1c5da6558d7efc68eafcf7fb30ca6f61c5f4e19bd4c8dd916528df3e1", [:mix], [{:nerves, "~> 1.3", [hex: :nerves, repo: "hexpm", optional: false]}, {:nerves_system_br, "1.7.1", [hex: :nerves_system_br, repo: "hexpm", optional: false]}, {:nerves_system_linter, "~> 0.3.0", [hex: :nerves_system_linter, repo: "hexpm", optional: false]}, {:nerves_toolchain_arm_unknown_linux_gnueabihf, "1.1.0", [hex: :nerves_toolchain_arm_unknown_linux_gnueabihf, repo: "hexpm", optional: false]}], "hexpm"},
  "nerves_system_br": {:hex, :nerves_system_br, "1.7.1", "91b13d94f84cc2506feb7e706fbb707ba5554788caf57e8576f22a9e596f9aca", [:mix], [], "hexpm"},
  "nerves_system_linter": {:hex, :nerves_system_linter, "0.3.0", "84e0f63c8ac196b16b77608bbe7df66dcf352845c4e4fb394bffd2b572025413", [:mix], [], "hexpm"},
  "nerves_system_rpi": {:hex, :nerves_system_rpi, "1.7.1", "42effed8aae885a0279736b3578807c9fc43bfb403f6aaffe2b4ef5c2dd50a8a", [:mix], [{:nerves, "~> 1.3", [hex: :nerves, repo: "hexpm", optional: false]}, {:nerves_system_br, "1.7.1", [hex: :nerves_system_br, repo: "hexpm", optional: false]}, {:nerves_system_linter, "~> 0.3.0", [hex: :nerves_system_linter, repo: "hexpm", optional: false]}, {:nerves_toolchain_armv6_rpi_linux_gnueabi, "1.1.0", [hex: :nerves_toolchain_armv6_rpi_linux_gnueabi, repo: "hexpm", optional: false]}], "hexpm"},
  "nerves_system_rpi0": {:hex, :nerves_system_rpi0, "1.7.1", "d9264a61a51bdb61d43c9fd7798e09c3bd31816cc40a192d775b52772b8664c5", [:mix], [{:nerves, "~> 1.3", [hex: :nerves, repo: "hexpm", optional: false]}, {:nerves_system_br, "1.7.1", [hex: :nerves_system_br, repo: "hexpm", optional: false]}, {:nerves_system_linter, "~> 0.3.0", [hex: :nerves_system_linter, repo: "hexpm", optional: false]}, {:nerves_toolchain_armv6_rpi_linux_gnueabi, "1.1.0", [hex: :nerves_toolchain_armv6_rpi_linux_gnueabi, repo: "hexpm", optional: false]}], "hexpm"},
  "nerves_system_rpi2": {:hex, :nerves_system_rpi2, "1.7.1", "3ad65b2126aef07ba2de50e65858d62b2e54495f7ee1a3ce6ad1e1c3a500b69b", [:mix], [{:nerves, "~> 1.3", [hex: :nerves, repo: "hexpm", optional: false]}, {:nerves_system_br, "1.7.1", [hex: :nerves_system_br, repo: "hexpm", optional: false]}, {:nerves_system_linter, "~> 0.3.0", [hex: :nerves_system_linter, repo: "hexpm", optional: false]}, {:nerves_toolchain_arm_unknown_linux_gnueabihf, "1.1.0", [hex: :nerves_toolchain_arm_unknown_linux_gnueabihf, repo: "hexpm", optional: false]}], "hexpm"},
  "nerves_system_rpi3": {:hex, :nerves_system_rpi3, "1.7.1", "a8e84ab852161a92d1e1766c1d6e368baf8c2a159d1eeac207f3a37c5cecccba", [:mix], [{:nerves, "~> 1.3", [hex: :nerves, repo: "hexpm", optional: false]}, {:nerves_system_br, "1.7.1", [hex: :nerves_system_br, repo: "hexpm", optional: false]}, {:nerves_system_linter, "~> 0.3.0", [hex: :nerves_system_linter, repo: "hexpm", optional: false]}, {:nerves_toolchain_arm_unknown_linux_gnueabihf, "1.1.0", [hex: :nerves_toolchain_arm_unknown_linux_gnueabihf, repo: "hexpm", optional: false]}], "hexpm"},
  "nerves_system_rpi3a": {:hex, :nerves_system_rpi3a, "1.7.1", "87ffa23f95a13e5388bced8dc337dea0589c12552c475f7c1a42e140ae4b6b60", [:mix], [{:nerves, "~> 1.3", [hex: :nerves, repo: "hexpm", optional: false]}, {:nerves_system_br, "1.7.1", [hex: :nerves_system_br, repo: "hexpm", optional: false]}, {:nerves_system_linter, "~> 0.3.0", [hex: :nerves_system_linter, repo: "hexpm", optional: false]}, {:nerves_toolchain_arm_unknown_linux_gnueabihf, "1.1.0", [hex: :nerves_toolchain_arm_unknown_linux_gnueabihf, repo: "hexpm", optional: false]}], "hexpm"},
  "nerves_system_x86_64": {:hex, :nerves_system_x86_64, "1.7.1", "0cb0c863ba0bb066c93cc5fc2dc371398590c0e1cce7701fa0e4db2413922e38", [:mix], [{:nerves, "~> 1.3", [hex: :nerves, repo: "hexpm", optional: false]}, {:nerves_system_br, "1.7.1", [hex: :nerves_system_br, repo: "hexpm", optional: false]}, {:nerves_system_linter, "~> 0.3.0", [hex: :nerves_system_linter, repo: "hexpm", optional: false]}, {:nerves_toolchain_x86_64_unknown_linux_musl, "1.1.0", [hex: :nerves_toolchain_x86_64_unknown_linux_musl, repo: "hexpm", optional: false]}], "hexpm"},
  "nerves_toolchain_arm_unknown_linux_gnueabihf": {:hex, :nerves_toolchain_arm_unknown_linux_gnueabihf, "1.1.0", "ca466a656f8653346a8551a35743f7c41046f3d53e945723e970cb4a7811e617", [:mix], [{:nerves, "~> 1.0", [hex: :nerves, repo: "hexpm", optional: false]}, {:nerves_toolchain_ctng, "~> 1.5.0", [hex: :nerves_toolchain_ctng, repo: "hexpm", optional: false]}], "hexpm"},
  "nerves_toolchain_armv6_rpi_linux_gnueabi": {:hex, :nerves_toolchain_armv6_rpi_linux_gnueabi, "1.1.0", "2753102e667d9778047b351618f3dfdc016b81148df58d142fee7630d96a31fe", [:mix], [{:nerves, "~> 1.0", [hex: :nerves, repo: "hexpm", optional: false]}, {:nerves_toolchain_ctng, "~> 1.5.0", [hex: :nerves_toolchain_ctng, repo: "hexpm", optional: false]}], "hexpm"},
  "nerves_toolchain_ctng": {:hex, :nerves_toolchain_ctng, "1.5.0", "34b8f5664858ff6ce09730b26221441398acd1fa361b8c6d744d9ec18238c16b", [:mix], [{:nerves, "~> 1.0", [hex: :nerves, repo: "hexpm", optional: false]}], "hexpm"},
  "nerves_toolchain_x86_64_unknown_linux_musl": {:hex, :nerves_toolchain_x86_64_unknown_linux_musl, "1.1.0", "02b8cacdddb12d8dbac62324f893103cc0ca38fb4f7d6c1557d9236c93223219", [:mix], [{:nerves, "~> 1.0", [hex: :nerves, repo: "hexpm", optional: false]}, {:nerves_toolchain_ctng, "~> 1.5.0", [hex: :nerves_toolchain_ctng, repo: "hexpm", optional: false]}], "hexpm"},
  "picam": {:hex, :picam, "0.3.0", "9795358825fc856ffed54ba12bd2edcd7826bed3a427fd1201d8998df98ee6f6", [:make, :mix], [{:elixir_make, "~> 0.4", [hex: :elixir_make, repo: "hexpm", optional: false]}], "hexpm"},
  "plug": {:hex, :plug, "1.8.0", "9d2685cb007fe5e28ed9ac27af2815bc262b7817a00929ac10f56f169f43b977", [:mix], [{:mime, "~> 1.0", [hex: :mime, repo: "hexpm", optional: false]}, {:plug_crypto, "~> 1.0", [hex: :plug_crypto, repo: "hexpm", optional: false]}, {:telemetry, "~> 0.4", [hex: :telemetry, repo: "hexpm", optional: true]}], "hexpm"},
  "plug_cowboy": {:hex, :plug_cowboy, "1.0.0", "2e2a7d3409746d335f451218b8bb0858301c3de6d668c3052716c909936eb57a", [:mix], [{:cowboy, "~> 1.0", [hex: :cowboy, repo: "hexpm", optional: false]}, {:plug, "~> 1.7", [hex: :plug, repo: "hexpm", optional: false]}], "hexpm"},
  "plug_crypto": {:hex, :plug_crypto, "1.0.0", "18e49317d3fa343f24620ed22795ec29d4a5e602d52d1513ccea0b07d8ea7d4d", [:mix], [], "hexpm"},
  "ranch": {:hex, :ranch, "1.7.1", "6b1fab51b49196860b733a49c07604465a47bdb78aa10c1c16a3d199f7f8c881", [:rebar3], [], "hexpm"},
  "ring_logger": {:hex, :ring_logger, "0.6.1", "568dbd9eebf26c661427de5204d8a91adaa740993f3ac5aa450257f62b6e7178", [:mix], [], "hexpm"},
  "shoehorn": {:hex, :shoehorn, "0.5.0", "da8e37dbee92454dd8e20c86953de94bdcaddb2dcda6c72cf4a3de5f52e0f322", [:mix], [{:distillery, "~> 2.0", [hex: :distillery, repo: "hexpm", optional: false]}], "hexpm"},
  "system_registry": {:hex, :system_registry, "0.8.2", "df791dc276652fcfb53be4dab823e05f8269b96ac57c26f86a67838dbc0eefe7", [:mix], [], "hexpm"},
  "toolshed": {:hex, :toolshed, "0.2.7", "18db27b5edfe3b2518d0111aa88b53bb1601bc64382edd321174c83fd89cba90", [:mix], [{:nerves_runtime, "~> 0.8", [hex: :nerves_runtime, repo: "hexpm", optional: true]}], "hexpm"},
  "uboot_env": {:hex, :uboot_env, "0.1.1", "b01e3ec0973e99473234f27839e29e63b5b81eba6a136a18a78d049d4813d6c5", [:mix], [], "hexpm"},
}
